Microsoft Visual Studio Solution File, Format Version 12.00
# Visual Studio Version 17
VisualStudioVersion = 17.5.2.0
MinimumVisualStudioVersion = 10.0.40219.1
Project("{FAE04EC0-301F-11D3-BF4B-00C04F79EFBC}") = "ProyectoEscalada", "ProyectoEscalada.csproj", "{AE9E0668-CED1-7098-19D4-FFB6797F663B}"
EndProject
Global
	GlobalSection(SolutionConfigurationPlatforms) = preSolution
		Debug|Any CPU = Debug|Any CPU
		Release|Any CPU = Release|Any CPU
	EndGlobalSection
	GlobalSection(ProjectConfigurationPlatforms) = postSolution
		{AE9E0668-CED1-7098-19D4-FFB6797F663B}.Debug|Any CPU.ActiveCfg = Debug|Any CPU
		{AE9E0668-CED1-7098-19D4-FFB6797F663B}.Debug|Any CPU.Build.0 = Debug|Any CPU
		{AE9E0668-CED1-7098-19D4-FFB6797F663B}.Release|Any CPU.ActiveCfg = Release|Any CPU
		{AE9E0668-CED1-7098-19D4-FFB6797F663B}.Release|Any CPU.Build.0 = Release|Any CPU
	EndGlobalSection
	GlobalSection(SolutionProperties) = preSolution
		HideSolutionNode = FALSE
	EndGlobalSection
	GlobalSection(ExtensibilityGlobals) = postSolution
		SolutionGuid = {B9EC3BC1-1CC6-4F7A-A094-B7FF1CC8C5C3}
	EndGlobalSection
EndGlobal
